
Microsoft Visual Studio Solution File, Format Version 12.00
# Visual Studio Version 16
VisualStudioVersion = 16.0.30804.86
MinimumVisualStudioVersion = 10.0.40219.1
Project("{FAE04EC0-301F-11D3-BF4B-00C04F79EFBC}") = "SistemaVentas", "SistemaVentas\SistemaVentas.csproj", "{33D84A48-7FFB-47B0-B198-1FDB23CF3E4A}"
EndProject
Project("{FAE04EC0-301F-11D3-BF4B-00C04F79EFBC}") = "CapaModelo", "CapaModelo\CapaModelo.csproj", "{D4EB3347-A7C5-48DD-B4D7-06651670BBD1}"
EndProject
Project("{FAE04EC0-301F-11D3-BF4B-00C04F79EFBC}") = "CapaDatos", "CapaDatos\CapaDatos.csproj", "{9D773252-C297-4F72-B5B5-3BB66DFEAB24}"
EndProject
Global
	GlobalSection(SolutionConfigurationPlatforms) = preSolution
		Debug|Any CPU = Debug|Any CPU
		Debug|x64 = Debug|x64
		Release|Any CPU = Release|Any CPU
		Release|x64 = Release|x64
	EndGlobalSection
	GlobalSection(ProjectConfigurationPlatforms) = postSolution
		{33D84A48-7FFB-47B0-B198-1FDB23CF3E4A}.Debug|Any CPU.ActiveCfg = Debug|Any CPU
		{33D84A48-7FFB-47B0-B198-1FDB23CF3E4A}.Debug|Any CPU.Build.0 = Debug|Any CPU
		{33D84A48-7FFB-47B0-B198-1FDB23CF3E4A}.Debug|x64.ActiveCfg = Debug|x64
		{33D84A48-7FFB-47B0-B198-1FDB23CF3E4A}.Debug|x64.Build.0 = Debug|x64
		{33D84A48-7FFB-47B0-B198-1FDB23CF3E4A}.Release|Any CPU.ActiveCfg = Release|Any CPU
		{33D84A48-7FFB-47B0-B198-1FDB23CF3E4A}.Release|Any CPU.Build.0 = Release|Any CPU
		{33D84A48-7FFB-47B0-B198-1FDB23CF3E4A}.Release|x64.ActiveCfg = Release|x64
		{33D84A48-7FFB-47B0-B198-1FDB23CF3E4A}.Release|x64.Build.0 = Release|x64
		{D4EB3347-A7C5-48DD-B4D7-06651670BBD1}.Debug|Any CPU.ActiveCfg = Debug|Any CPU
		{D4EB3347-A7C5-48DD-B4D7-06651670BBD1}.Debug|Any CPU.Build.0 = Debug|Any CPU
		{D4EB3347-A7C5-48DD-B4D7-06651670BBD1}.Debug|x64.ActiveCfg = Debug|Any CPU
		{D4EB3347-A7C5-48DD-B4D7-06651670BBD1}.Debug|x64.Build.0 = Debug|Any CPU
		{D4EB3347-A7C5-48DD-B4D7-06651670BBD1}.Release|Any CPU.ActiveCfg = Release|Any CPU
		{D4EB3347-A7C5-48DD-B4D7-06651670BBD1}.Release|Any CPU.Build.0 = Release|Any CPU
		{D4EB3347-A7C5-48DD-B4D7-06651670BBD1}.Release|x64.ActiveCfg = Release|Any CPU
		{D4EB3347-A7C5-48DD-B4D7-06651670BBD1}.Release|x64.Build.0 = Release|Any CPU
		{9D773252-C297-4F72-B5B5-3BB66DFEAB24}.Debug|Any CPU.ActiveCfg = Debug|Any CPU
		{9D773252-C297-4F72-B5B5-3BB66DFEAB24}.Debug|Any CPU.Build.0 = Debug|Any CPU
		{9D773252-C297-4F72-B5B5-3BB66DFEAB24}.Debug|x64.ActiveCfg = Debug|Any CPU
		{9D773252-C297-4F72-B5B5-3BB66DFEAB24}.Debug|x64.Build.0 = Debug|Any CPU
		{9D773252-C297-4F72-B5B5-3BB66DFEAB24}.Release|Any CPU.ActiveCfg = Release|Any CPU
		{9D773252-C297-4F72-B5B5-3BB66DFEAB24}.Release|Any CPU.Build.0 = Release|Any CPU
		{9D773252-C297-4F72-B5B5-3BB66DFEAB24}.Release|x64.ActiveCfg = Release|Any CPU
		{9D773252-C297-4F72-B5B5-3BB66DFEAB24}.Release|x64.Build.0 = Release|Any CPU
	EndGlobalSection
	GlobalSection(SolutionProperties) = preSolution
		HideSolutionNode = FALSE
	EndGlobalSection
	GlobalSection(ExtensibilityGlobals) = postSolution
		SolutionGuid = {D1B66E90-EB7B-48D9-B832-DC1D4E3B6896}
	EndGlobalSection
EndGlobal
